<?xml version="1.0" encoding="utf-8"?>
<Project ToolsVersion="4.0" xmlns="http://schemas.microsoft.com/developer/msbuild/2003">
  <ItemGroup>
    <Filter Include="Source Files">
      <UniqueIdentifier>{4FC737F1-C7A5-4376-A066-2A32D752A2FF}</UniqueIdentifier>
      <Extensions>cpp;c;cc;cxx;def;odl;idl;hpj;bat;asm;asmx</Extensions>
    </Filter>
    <Filter Include="Header Files">
      <UniqueIdentifier>{93995380-89BD-4b04-88EB-625FBE52EBFB}</UniqueIdentifier>
      <Extensions>h;hh;hpp;hxx;hm;inl;inc;xsd</Extensions>
    </Filter>
    <Filter Include="Resource Files">
      <UniqueIdentifier>{D9D6E242-F8AF-46E4-B9FD-80ECBC20BA3E}</UniqueIdentifier>
      <Extensions>qrc;*</Extensions>
      <ParseFiles>false</ParseFiles>
    </Filter>
    <Filter Include="Form Files">
      <UniqueIdentifier>{99349809-55BA-4b9d-BF79-8FDBB0286EB3}</UniqueIdentifier>
      <Extensions>ui</Extensions>
    </Filter>
    <Filter Include="Resource Files">
      <UniqueIdentifier>{D9D6E242-F8AF-46E4-B9FD-80ECBC20BA3E}</UniqueIdentifier>
      <Extensions>qrc;*</Extensions>
      <ParseFiles>false</ParseFiles>
    </Filter>
    <Filter Include="Generated Files">
      <UniqueIdentifier>{71ED8ED8-ACB9-4CE9-BBE1-E00B30144E11}</UniqueIdentifier>
      <Extensions>moc;h;cpp</Extensions>
      <SourceControlFiles>False</SourceControlFiles>
    </Filter>
  </ItemGroup>
  <ItemGroup>
    <ClCompile Include="main.cpp">
      <Filter>Source Files</Filter>
    </ClCompile>
    <ClCompile Include="MyCompany.cpp">
      <Filter>Source Files</Filter>
    </ClCompile>
    <ClCompile Include="Login.cpp">
      <Filter>Source Files</Filter>
    </ClCompile>
    <ClCompile Include="QueryInformation.cpp">
      <Filter>Source Files</Filter>
    </ClCompile>
    <ClCompile Include="OpenDatabase.cpp">
      <Filter>Source Files</Filter>
    </ClCompile>
    <ClCompile Include="InsertEmployee.cpp">
      <Filter>Source Files</Filter>
    </ClCompile>
    <ClCompile Include="DeleteEmployee.cpp">
      <Filter>Source Files</Filter>
    </ClCompile>
    <ClCompile Include="UpdateEmployee.cpp">
      <Filter>Source Files</Filter>
    </ClCompile>
    <ClCompile Include="InsertCommodity.cpp">
      <Filter>Source Files</Filter>
    </ClCompile>
    <ClCompile Include="DeleteCommodity.cpp">
      <Filter>Source Files</Filter>
    </ClCompile>
    <ClCompile Include="UpdateCommodity.cpp">
      <Filter>Source Files</Filter>
    </ClCompile>
    <ClCompile Include="QueryCommodity.cpp">
      <Filter>Source Files</Filter>
    </ClCompile>
    <ClCompile Include="insertDepartment.cpp">
      <Filter>Source Files</Filter>
    </ClCompile>
    <ClCompile Include="UpdateDepartment.cpp">
      <Filter>Source Files</Filter>
    </ClCompile>
    <ClCompile Include="QureyDepartment.cpp">
      <Filter>Source Files</Filter>
    </ClCompile>
    <ClCompile Include="DeleteDepartment.cpp">
      <Filter>Source Files</Filter>
    </ClCompile>
    <ClCompile Include="UpdatePassword.cpp">
      <Filter>Source Files</Filter>
    </ClCompile>
    <ClCompile Include="AddCommodity.cpp">
      <Filter>Source Files</Filter>
    </ClCompile>
    <ClCompile Include="SaleCommodity.cpp">
      <Filter>Source Files</Filter>
    </ClCompile>
    <ClCompile Include="TransferCommodity.cpp">
      <Filter>Source Files</Filter>
    </ClCompile>
  </ItemGroup>
  <ItemGroup>
    <QtMoc Include="MyCompany.h">
      <Filter>Header Files</Filter>
    </QtMoc>
    <QtMoc Include="Login.h">
      <Filter>Header Files</Filter>
    </QtMoc>
    <QtMoc Include="QueryInformation.h">
      <Filter>Header Files</Filter>
    </QtMoc>
    <QtMoc Include="InsertEmployee.h">
      <Filter>Header Files</Filter>
    </QtMoc>
    <QtMoc Include="DeleteEmployee.h">
      <Filter>Header Files</Filter>
    </QtMoc>
    <QtMoc Include="UpdateEmployee.h">
      <Filter>Header Files</Filter>
    </QtMoc>
    <QtMoc Include="InsertCommodity.h">
      <Filter>Header Files</Filter>
    </QtMoc>
    <QtMoc Include="DeleteCommodity.h">
      <Filter>Header Files</Filter>
    </QtMoc>
    <QtMoc Include="UpdateCommodity.h">
      <Filter>Header Files</Filter>
    </QtMoc>
    <QtMoc Include="QueryCommodity.h">
      <Filter>Header Files</Filter>
    </QtMoc>
    <QtMoc Include="insertDepartment.h">
      <Filter>Header Files</Filter>
    </QtMoc>
    <QtMoc Include="UpdateDepartment.h">
      <Filter>Header Files</Filter>
    </QtMoc>
    <QtMoc Include="QureyDepartment.h">
      <Filter>Header Files</Filter>
    </QtMoc>
    <QtMoc Include="DeleteDepartment.h">
      <Filter>Header Files</Filter>
    </QtMoc>
    <QtMoc Include="UpdatePassword.h">
      <Filter>Header Files</Filter>
    </QtMoc>
    <QtMoc Include="AddCommodity.h">
      <Filter>Header Files</Filter>
    </QtMoc>
    <QtMoc Include="SaleCommodity.h">
      <Filter>Header Files</Filter>
    </QtMoc>
    <QtMoc Include="TransferCommodity.h">
      <Filter>Header Files</Filter>
    </QtMoc>
  </ItemGroup>
  <ItemGroup>
    <QtUic Include="MyCompany.ui">
      <Filter>Form Files</Filter>
    </QtUic>
    <QtUic Include="Login.ui">
      <Filter>Form Files</Filter>
    </QtUic>
    <QtUic Include="QueryInformation.ui">
      <Filter>Form Files</Filter>
    </QtUic>
    <QtUic Include="InsertEmployee.ui">
      <Filter>Form Files</Filter>
    </QtUic>
    <QtUic Include="DeleteEmployee.ui">
      <Filter>Form Files</Filter>
    </QtUic>
    <QtUic Include="UpdateEmployee.ui">
      <Filter>Form Files</Filter>
    </QtUic>
    <QtUic Include="InsertCommodity.ui">
      <Filter>Form Files</Filter>
    </QtUic>
    <QtUic Include="DeleteCommodity.ui">
      <Filter>Form Files</Filter>
    </QtUic>
    <QtUic Include="UpdateCommodity.ui">
      <Filter>Form Files</Filter>
    </QtUic>
    <QtUic Include="QueryCommodity.ui">
      <Filter>Form Files</Filter>
    </QtUic>
    <QtUic Include="insertDepartment.ui">
      <Filter>Form Files</Filter>
    </QtUic>
    <QtUic Include="UpdateDepartment.ui">
      <Filter>Form Files</Filter>
    </QtUic>
    <QtUic Include="QureyDepartment.ui">
      <Filter>Form Files</Filter>
    </QtUic>
    <QtUic Include="DeleteDepartment.ui">
      <Filter>Form Files</Filter>
    </QtUic>
    <QtUic Include="UpdatePassword.ui">
      <Filter>Form Files</Filter>
    </QtUic>
    <QtUic Include="AddCommodity.ui">
      <Filter>Form Files</Filter>
    </QtUic>
    <QtUic Include="SaleCommodity.ui">
      <Filter>Form Files</Filter>
    </QtUic>
    <QtUic Include="TransferCommodity.ui">
      <Filter>Form Files</Filter>
    </QtUic>
  </ItemGroup>
  <ItemGroup>
    <QtRcc Include="MyCompany.qrc">
      <Filter>Resource Files</Filter>
    </QtRcc>
  </ItemGroup>
  <ItemGroup>
    <ClInclude Include="OpenDatabase.h">
      <Filter>Header Files</Filter>
    </ClInclude>
  </ItemGroup>
</Project>